
Microsoft Visual Studio Solution File, Format Version 12.00
# Visual Studio Version 17
VisualStudioVersion = 17.2.32516.85
MinimumVisualStudioVersion = 10.0.40219.1
Project("{FAE04EC0-301F-11D3-BF4B-00C04F79EFBC}") = "CA220525_2", "CA220525_2.csproj", "{3EB78FC8-259A-4343-9604-9DEE3002F113}"
EndProject
Global
	GlobalSection(SolutionConfigurationPlatforms) = preSolution
		Debug|Any CPU = Debug|Any CPU
		Release|Any CPU = Release|Any CPU
	EndGlobalSection
	GlobalSection(ProjectConfigurationPlatforms) = postSolution
		{3EB78FC8-259A-4343-9604-9DEE3002F113}.Debug|Any CPU.ActiveCfg = Debug|Any CPU
		{3EB78FC8-259A-4343-9604-9DEE3002F113}.Debug|Any CPU.Build.0 = Debug|Any CPU
		{3EB78FC8-259A-4343-9604-9DEE3002F113}.Release|Any CPU.ActiveCfg = Release|Any CPU
		{3EB78FC8-259A-4343-9604-9DEE3002F113}.Release|Any CPU.Build.0 = Release|Any CPU
	EndGlobalSection
	GlobalSection(SolutionProperties) = preSolution
		HideSolutionNode = FALSE
	EndGlobalSection
	GlobalSection(ExtensibilityGlobals) = postSolution
		SolutionGuid = {6CA2516A-5F61-47C2-A637-75394EA1FBE4}
	EndGlobalSection
EndGlobal
